// !$*UTF8*$!
{
	archiveVersion = 1;
	classes = {
	};
	objectVersion = 52;
	objects = {

/* Begin PBXBuildFile section */
		8F15A995244F46820094CCC4 /* Socket in Frameworks */ = {isa = PBXBuildFile; productRef = 8F15A994244F46820094CCC4 /* Socket */; };
		8F1CB93B2468564200614EA2 /* GeneralPreferencesViewController.swift in Sources */ = {isa = PBXBuildFile; fileRef = 8F1CB93A2468564200614EA2 /* GeneralPreferencesViewController.swift */; };
		8F1D5DAD245C711F001B1852 /* PairingStatus.swift in Sources */ = {isa = PBXBuildFile; fileRef = 8F1D5DAC245C711F001B1852 /* PairingStatus.swift */; };
		8F1DD414238430ED0038AAE2 /* AndroidConnector.swift in Sources */ = {isa = PBXBuildFile; fileRef = 8F1DD413238430ED0038AAE2 /* AndroidConnector.swift */; };
		8F1DD416238448B70038AAE2 /* SignalType.swift in Sources */ = {isa = PBXBuildFile; fileRef = 8F1DD415238448B70038AAE2 /* SignalType.swift */; };
		8F1DD418238448DD0038AAE2 /* SignalQuality.swift in Sources */ = {isa = PBXBuildFile; fileRef = 8F1DD417238448DD0038AAE2 /* SignalQuality.swift */; };
		8F2C617224894A6C00A0C017 /* PreferencesWindowController.swift in Sources */ = {isa = PBXBuildFile; fileRef = 8F2C617124894A6C00A0C017 /* PreferencesWindowController.swift */; };
		8F3D29C523D4DA3700193C23 /* Main.xib in Resources */ = {isa = PBXBuildFile; fileRef = 8F3D29C423D4DA3700193C23 /* Main.xib */; };
		8F568990246866F800C0090A /* PreferencesWindow.storyboard in Resources */ = {isa = PBXBuildFile; fileRef = 8F56898F246866F800C0090A /* PreferencesWindow.storyboard */; };
		8F5D7E5922F5CCE200FED4BE /* AppDelegate.swift in Sources */ = {isa = PBXBuildFile; fileRef = 8F5D7E5822F5CCE200FED4BE /* AppDelegate.swift */; };
		8F5D7E5D22F5CCE300FED4BE /* Assets.xcassets in Resources */ = {isa = PBXBuildFile; fileRef = 8F5D7E5C22F5CCE300FED4BE /* Assets.xcassets */; };
		8F6C36F123995B84009C7865 /* DataModel.xcdatamodeld in Sources */ = {isa = PBXBuildFile; fileRef = 8F6C36EF23995B84009C7865 /* DataModel.xcdatamodeld */; };
		8F71806B23915B230001B80F /* DataStorage.swift in Sources */ = {isa = PBXBuildFile; fileRef = 8F71806A23915B230001B80F /* DataStorage.swift */; };
		8F8195BB246B12D30066632D /* Localizable.stringsdict in Resources */ = {isa = PBXBuildFile; fileRef = 8F8195BA246B12D30066632D /* Localizable.stringsdict */; };
		8FAD0BB2239093C700DDB470 /* StatusItemMenu.swift in Sources */ = {isa = PBXBuildFile; fileRef = 8FAD0BB1239093C700DDB470 /* StatusItemMenu.swift */; };
		8FCEF61C23018DA600CB726E /* StatusItem.swift in Sources */ = {isa = PBXBuildFile; fileRef = 8FCEF61B23018DA600CB726E /* StatusItem.swift */; };
/* End PBXBuildFile section */

/* Begin PBXFileReference section */
		8F1CB93A2468564200614EA2 /* GeneralPreferencesViewController.swift */ = {isa = PBXFileReference; lastKnownFileType = sourcecode.swift; path = GeneralPreferencesViewController.swift; sourceTree = "<group>"; };
		8F1D5DAC245C711F001B1852 /* PairingStatus.swift */ = {isa = PBXFileReference; lastKnownFileType = sourcecode.swift; path = PairingStatus.swift; sourceTree = "<group>"; };
		8F1DD413238430ED0038AAE2 /* AndroidConnector.swift */ = {isa = PBXFileReference; lastKnownFileType = sourcecode.swift; path = AndroidConnector.swift; sourceTree = "<group>"; };
		8F1DD415238448B70038AAE2 /* SignalType.swift */ = {isa = PBXFileReference; lastKnownFileType = sourcecode.swift; path = SignalType.swift; sourceTree = "<group>"; };
		8F1DD417238448DD0038AAE2 /* SignalQuality.swift */ = {isa = PBXFileReference; lastKnownFileType = sourcecode.swift; path = SignalQuality.swift; sourceTree = "<group>"; };
		8F2C617124894A6C00A0C017 /* PreferencesWindowController.swift */ = {isa = PBXFileReference; fileEncoding = 4; lastKnownFileType = sourcecode.swift; path = PreferencesWindowController.swift; sourceTree = "<group>"; };
		8F3D29C423D4DA3700193C23 /* Main.xib */ = {isa = PBXFileReference; lastKnownFileType = file.xib; path = Main.xib; sourceTree = "<group>"; };
		8F56898F246866F800C0090A /* PreferencesWindow.storyboard */ = {isa = PBXFileReference; lastKnownFileType = file.storyboard; path = PreferencesWindow.storyboard; sourceTree = "<group>"; };
		8F5D7E5522F5CCE200FED4BE /* TetheringHelper.app */ = {isa = PBXFileReference; explicitFileType = wrapper.application; includeInIndex = 0; path = TetheringHelper.app; sourceTree = BUILT_PRODUCTS_DIR; };
		8F5D7E5822F5CCE200FED4BE /* AppDelegate.swift */ = {isa = PBXFileReference; lastKnownFileType = sourcecode.swift; path = AppDelegate.swift; sourceTree = "<group>"; };
		8F5D7E5C22F5CCE300FED4BE /* Assets.xcassets */ = {isa = PBXFileReference; lastKnownFileType = folder.assetcatalog; path = Assets.xcassets; sourceTree = "<group>"; };
		8F5D7E6122F5CCE300FED4BE /* Info.plist */ = {isa = PBXFileReference; lastKnownFileType = text.plist.xml; path = Info.plist; sourceTree = "<group>"; };
		8F5D7E6222F5CCE300FED4BE /* TetheringHelper.entitlements */ = {isa = PBXFileReference; lastKnownFileType = text.plist.entitlements; path = TetheringHelper.entitlements; sourceTree = "<group>"; };
		8F6C36F023995B84009C7865 /* TetheringHelper.xcdatamodel */ = {isa = PBXFileReference; lastKnownFileType = wrapper.xcdatamodel; path = TetheringHelper.xcdatamodel; sourceTree = "<group>"; };
		8F71806A23915B230001B80F /* DataStorage.swift */ = {isa = PBXFileReference; lastKnownFileType = sourcecode.swift; path = DataStorage.swift; sourceTree = "<group>"; };
		8F8195BA246B12D30066632D /* Localizable.stringsdict */ = {isa = PBXFileReference; lastKnownFileType = text.plist.stringsdict; path = Localizable.stringsdict; sourceTree = "<group>"; };
		8FAD0BB1239093C700DDB470 /* StatusItemMenu.swift */ = {isa = PBXFileReference; lastKnownFileType = sourcecode.swift; path = StatusItemMenu.swift; sourceTree = "<group>"; };
		8FCEF61B23018DA600CB726E /* StatusItem.swift */ = {isa = PBXFileReference; lastKnownFileType = sourcecode.swift; path = StatusItem.swift; sourceTree = "<group>"; };
/* End PBXFileReference section */

/* Begin PBXFrameworksBuildPhase section */
		8F5D7E5222F5CCE200FED4BE /* Frameworks */ = {
			isa = PBXFrameworksBuildPhase;
			buildActionMask = 2147483647;
			files = (
				8F15A995244F46820094CCC4 /* Socket in Frameworks */,
			);
			runOnlyForDeploymentPostprocessing = 0;
		};
/* End PBXFrameworksBuildPhase section */

/* Begin PBXGroup section */
		8F090A112463029400308F22 /* UI files */ = {
			isa = PBXGroup;
			children = (
				8F3D29C423D4DA3700193C23 /* Main.xib */,
				8F56898F246866F800C0090A /* PreferencesWindow.storyboard */,
			);
			name = "UI files";
			sourceTree = "<group>";
		};
		8F1CB93E24685D1400614EA2 /* PreferencesWindow */ = {
			isa = PBXGroup;
			children = (
				8F1CB93A2468564200614EA2 /* GeneralPreferencesViewController.swift */,
				8F2C617124894A6C00A0C017 /* PreferencesWindowController.swift */,
			);
			name = PreferencesWindow;
			sourceTree = "<group>";
		};
		8F3FE78523E89818003CFB6D /* Swift files */ = {
			isa = PBXGroup;
			children = (
				8F3FE78623E898B8003CFB6D /* enums */,
				8F1CB93E24685D1400614EA2 /* PreferencesWindow */,
				8F5D7E5822F5CCE200FED4BE /* AppDelegate.swift */,
				8F71806A23915B230001B80F /* DataStorage.swift */,
				8FCEF61B23018DA600CB726E /* StatusItem.swift */,
				8FAD0BB1239093C700DDB470 /* StatusItemMenu.swift */,
				8F1DD413238430ED0038AAE2 /* AndroidConnector.swift */,
			);
			name = "Swift files";
			sourceTree = "<group>";
		};
		8F3FE78623E898B8003CFB6D /* enums */ = {
			isa = PBXGroup;
			children = (
				8F1DD417238448DD0038AAE2 /* SignalQuality.swift */,
				8F1DD415238448B70038AAE2 /* SignalType.swift */,
				8F1D5DAC245C711F001B1852 /* PairingStatus.swift */,
			);
			name = enums;
			sourceTree = "<group>";
		};
		8F5D7E4C22F5CCE100FED4BE = {
			isa = PBXGroup;
			children = (
				8F5D7E5722F5CCE200FED4BE /* TetheringHelper */,
				8F5D7E5622F5CCE200FED4BE /* Products */,
			);
			sourceTree = "<group>";
		};
		8F5D7E5622F5CCE200FED4BE /* Products */ = {
			isa = PBXGroup;
			children = (
				8F5D7E5522F5CCE200FED4BE /* TetheringHelper.app */,
			);
			name = Products;
			sourceTree = "<group>";
		};
		8F5D7E5722F5CCE200FED4BE /* TetheringHelper */ = {
			isa = PBXGroup;
			children = (
				8F090A112463029400308F22 /* UI files */,
				8F3FE78523E89818003CFB6D /* Swift files */,
				8F6C36EF23995B84009C7865 /* DataModel.xcdatamodeld */,
				8F5D7E5C22F5CCE300FED4BE /* Assets.xcassets */,
				8F5D7E6122F5CCE300FED4BE /* Info.plist */,
				8F5D7E6222F5CCE300FED4BE /* TetheringHelper.entitlements */,
				8F8195BA246B12D30066632D /* Localizable.stringsdict */,
			);
			path = TetheringHelper;
			sourceTree = "<group>";
		};
/* End PBXGroup section */

/* Begin PBXNativeTarget section */
		8F5D7E5422F5CCE200FED4BE /* TetheringHelper */ = {
			isa = PBXNativeTarget;
			buildConfigurationList = 8F5D7E6522F5CCE300FED4BE /* Build configuration list for PBXNativeTarget "TetheringHelper" */;
			buildPhases = (
				8F5D7E5122F5CCE200FED4BE /* Sources */,
				8F5D7E5222F5CCE200FED4BE /* Frameworks */,
				8F5D7E5322F5CCE200FED4BE /* Resources */,
			);
			buildRules = (
			);
			dependencies = (
			);
			name = TetheringHelper;
			packageProductDependencies = (
				8F15A994244F46820094CCC4 /* Socket */,
			);
			productName = TetheringHelper;
			productReference = 8F5D7E5522F5CCE200FED4BE /* TetheringHelper.app */;
			productType = "com.apple.product-type.application";
		};
/* End PBXNativeTarget section */

/* Begin PBXProject section */
		8F5D7E4D22F5CCE100FED4BE /* Project object */ = {
			isa = PBXProject;
			attributes = {
				LastSwiftUpdateCheck = 1030;
				LastUpgradeCheck = 1100;
				ORGANIZATIONNAME = "Johannes Bittner";
				TargetAttributes = {
					8F5D7E5422F5CCE200FED4BE = {
						CreatedOnToolsVersion = 10.3;
					};
				};
			};
			buildConfigurationList = 8F5D7E5022F5CCE100FED4BE /* Build configuration list for PBXProject "TetheringHelper" */;
			compatibilityVersion = "Xcode 9.3";
			developmentRegion = en;
			hasScannedForEncodings = 0;
			knownRegions = (
				en,
				Base,
			);
			mainGroup = 8F5D7E4C22F5CCE100FED4BE;
			packageReferences = (
				8F15A993244F46820094CCC4 /* XCRemoteSwiftPackageReference "BlueSocket" */,
			);
			productRefGroup = 8F5D7E5622F5CCE200FED4BE /* Products */;
			projectDirPath = "";
			projectRoot = "";
			targets = (
				8F5D7E5422F5CCE200FED4BE /* TetheringHelper */,
			);
		};
/* End PBXProject section */

/* Begin PBXResourcesBuildPhase section */
		8F5D7E5322F5CCE200FED4BE /* Resources */ = {
			isa = PBXResourcesBuildPhase;
			buildActionMask = 2147483647;
			files = (
				8F5D7E5D22F5CCE300FED4BE /* Assets.xcassets in Resources */,
				8F8195BB246B12D30066632D /* Localizable.stringsdict in Resources */,
				8F568990246866F800C0090A /* PreferencesWindow.storyboard in Resources */,
				8F3D29C523D4DA3700193C23 /* Main.xib in Resources */,
			);
			runOnlyForDeploymentPostprocessing = 0;
		};
/* End PBXResourcesBuildPhase section */

/* Begin PBXSourcesBuildPhase section */
		8F5D7E5122F5CCE200FED4BE /* Sources */ = {
			isa = PBXSourcesBuildPhase;
			buildActionMask = 2147483647;
			files = (
				8F1DD416238448B70038AAE2 /* SignalType.swift in Sources */,
				8F2C617224894A6C00A0C017 /* PreferencesWindowController.swift in Sources */,
				8F1DD418238448DD0038AAE2 /* SignalQuality.swift in Sources */,
				8FAD0BB2239093C700DDB470 /* StatusItemMenu.swift in Sources */,
				8F1D5DAD245C711F001B1852 /* PairingStatus.swift in Sources */,
				8F6C36F123995B84009C7865 /* DataModel.xcdatamodeld in Sources */,
				8F1CB93B2468564200614EA2 /* GeneralPreferencesViewController.swift in Sources */,
				8F71806B23915B230001B80F /* DataStorage.swift in Sources */,
				8F1DD414238430ED0038AAE2 /* AndroidConnector.swift in Sources */,
				8F5D7E5922F5CCE200FED4BE /* AppDelegate.swift in Sources */,
				8FCEF61C23018DA600CB726E /* StatusItem.swift in Sources */,
			);
			runOnlyForDeploymentPostprocessing = 0;
		};
/* End PBXSourcesBuildPhase section */

/* Begin XCBuildConfiguration section */
		8F5D7E6322F5CCE300FED4BE /* Debug */ = {
			isa = XCBuildConfiguration;
			buildSettings = {
				ALWAYS_SEARCH_USER_PATHS = NO;
				CLANG_ANALYZER_NONNULL = YES;
				CLANG_ANALYZER_NUMBER_OBJECT_CONVERSION = YES_AGGRESSIVE;
				CLANG_CXX_LANGUAGE_STANDARD = "gnu++14";
				CLANG_CXX_LIBRARY = "libc++";
				CLANG_ENABLE_MODULES = YES;
				CLANG_ENABLE_OBJC_ARC = YES;
				CLANG_ENABLE_OBJC_WEAK = YES;
				CLANG_WARN_BLOCK_CAPTURE_AUTORELEASING = YES;
				CLANG_WARN_BOOL_CONVERSION = YES;
				CLANG_WARN_COMMA = YES;
				CLANG_WARN_CONSTANT_CONVERSION = YES;
				CLANG_WARN_DEPRECATED_OBJC_IMPLEMENTATIONS = YES;
				CLANG_WARN_DIRECT_OBJC_ISA_USAGE = YES_ERROR;
				CLANG_WARN_DOCUMENTATION_COMMENTS = YES;
				CLANG_WARN_EMPTY_BODY = YES;
				CLANG_WARN_ENUM_CONVERSION = YES;
				CLANG_WARN_INFINITE_RECURSION = YES;
				CLANG_WARN_INT_CONVERSION = YES;
				CLANG_WARN_NON_LITERAL_NULL_CONVERSION = YES;
				CLANG_WARN_OBJC_IMPLICIT_RETAIN_SELF = YES;
				CLANG_WARN_OBJC_LITERAL_CONVERSION = YES;
				CLANG_WARN_OBJC_ROOT_CLASS = YES_ERROR;
				CLANG_WARN_RANGE_LOOP_ANALYSIS = YES;
				CLANG_WARN_STRICT_PROTOTYPES = YES;
				CLANG_WARN_SUSPICIOUS_MOVE = YES;
				CLANG_WARN_UNGUARDED_AVAILABILITY = YES_AGGRESSIVE;
				CLANG_WARN_UNREACHABLE_CODE = YES;
				CLANG_WARN__DUPLICATE_METHOD_MATCH = YES;
				CODE_SIGN_IDENTITY = "Mac Developer";
				COPY_PHASE_STRIP = NO;
				DEBUG_INFORMATION_FORMAT = dwarf;
				ENABLE_STRICT_OBJC_MSGSEND = YES;
				ENABLE_TESTABILITY = YES;
				GCC_C_LANGUAGE_STANDARD = gnu11;
				GCC_DYNAMIC_NO_PIC = NO;
				GCC_NO_COMMON_BLOCKS = YES;
				GCC_OPTIMIZATION_LEVEL = 0;
				GCC_PREPROCESSOR_DEFINITIONS = (
					"DEBUG=1",
					"$(inherited)",
				);
				GCC_WARN_64_TO_32_BIT_CONVERSION = YES;
				GCC_WARN_ABOUT_RETURN_TYPE = YES_ERROR;
				GCC_WARN_UNDECLARED_SELECTOR = YES;
				GCC_WARN_UNINITIALIZED_AUTOS = YES_AGGRESSIVE;
				GCC_WARN_UNUSED_FUNCTION = YES;
				GCC_WARN_UNUSED_VARIABLE = YES;
				MACOSX_DEPLOYMENT_TARGET = 10.14;
				MTL_ENABLE_DEBUG_INFO = INCLUDE_SOURCE;
				MTL_FAST_MATH = YES;
				ONLY_ACTIVE_ARCH = YES;
				SDKROOT = macosx;
				SWIFT_ACTIVE_COMPILATION_CONDITIONS = DEBUG;
				SWIFT_OPTIMIZATION_LEVEL = "-Onone";
			};
			name = Debug;
		};
		8F5D7E6422F5CCE300FED4BE /* Release */ = {
			isa = XCBuildConfiguration;
			buildSettings = {
				ALWAYS_SEARCH_USER_PATHS = NO;
				CLANG_ANALYZER_NONNULL = YES;
				CLANG_ANALYZER_NUMBER_OBJECT_CONVERSION = YES_AGGRESSIVE;
				CLANG_CXX_LANGUAGE_STANDARD = "gnu++14";
				CLANG_CXX_LIBRARY = "libc++";
				CLANG_ENABLE_MODULES = YES;
				CLANG_ENABLE_OBJC_ARC = YES;
				CLANG_ENABLE_OBJC_WEAK = YES;
				CLANG_WARN_BLOCK_CAPTURE_AUTORELEASING = YES;
				CLANG_WARN_BOOL_CONVERSION = YES;
				CLANG_WARN_COMMA = YES;
				CLANG_WARN_CONSTANT_CONVERSION = YES;
				CLANG_WARN_DEPRECATED_OBJC_IMPLEMENTATIONS = YES;
				CLANG_WARN_DIRECT_OBJC_ISA_USAGE = YES_ERROR;
				CLANG_WARN_DOCUMENTATION_COMMENTS = YES;
				CLANG_WARN_EMPTY_BODY = YES;
				CLANG_WARN_ENUM_CONVERSION = YES;
				CLANG_WARN_INFINITE_RECURSION = YES;
				CLANG_WARN_INT_CONVERSION = YES;
				CLANG_WARN_NON_LITERAL_NULL_CONVERSION = YES;
				CLANG_WARN_OBJC_IMPLICIT_RETAIN_SELF = YES;
				CLANG_WARN_OBJC_LITERAL_CONVERSION = YES;
				CLANG_WARN_OBJC_ROOT_CLASS = YES_ERROR;
				CLANG_WARN_RANGE_LOOP_ANALYSIS = YES;
				CLANG_WARN_STRICT_PROTOTYPES = YES;
				CLANG_WARN_SUSPICIOUS_MOVE = YES;
				CLANG_WARN_UNGUARDED_AVAILABILITY = YES_AGGRESSIVE;
				CLANG_WARN_UNREACHABLE_CODE = YES;
				CLANG_WARN__DUPLICATE_METHOD_MATCH = YES;
				CODE_SIGN_IDENTITY = "Mac Developer";
				COPY_PHASE_STRIP = NO;
				DEBUG_INFORMATION_FORMAT = "dwarf-with-dsym";
				ENABLE_NS_ASSERTIONS = NO;
				ENABLE_STRICT_OBJC_MSGSEND = YES;
				GCC_C_LANGUAGE_STANDARD = gnu11;
				GCC_NO_COMMON_BLOCKS = YES;
				GCC_WARN_64_TO_32_BIT_CONVERSION = YES;
				GCC_WARN_ABOUT_RETURN_TYPE = YES_ERROR;
				GCC_WARN_UNDECLARED_SELECTOR = YES;
				GCC_WARN_UNINITIALIZED_AUTOS = YES_AGGRESSIVE;
				GCC_WARN_UNUSED_FUNCTION = YES;
				GCC_WARN_UNUSED_VARIABLE = YES;
				MACOSX_DEPLOYMENT_TARGET = 10.14;
				MTL_ENABLE_DEBUG_INFO = NO;
				MTL_FAST_MATH = YES;
				SDKROOT = macosx;
				SWIFT_COMPILATION_MODE = wholemodule;
				SWIFT_OPTIMIZATION_LEVEL = "-O";
			};
			name = Release;
		};
		8F5D7E6622F5CCE300FED4BE /* Debug */ = {
			isa = XCBuildConfiguration;
			buildSettings = {
				ASSETCATALOG_COMPILER_APPICON_NAME = AppIcon;
				CODE_SIGN_ENTITLEMENTS = TetheringHelper/TetheringHelper.entitlements;
				CODE_SIGN_IDENTITY = "-";
				CODE_SIGN_STYLE = Automatic;
				COMBINE_HIDPI_IMAGES = YES;
				DEVELOPMENT_TEAM = R98YXK78YZ;
				INFOPLIST_FILE = TetheringHelper/Info.plist;
				LD_RUNPATH_SEARCH_PATHS = (
					"$(inherited)",
					"@executable_path/../Frameworks",
				);
				PRODUCT_BUNDLE_IDENTIFIER = johannes.bittner.gmail.com.TetheringHelper;
				PRODUCT_NAME = "$(TARGET_NAME)";
				SWIFT_VERSION = 5.0;
			};
			name = Debug;
		};
		8F5D7E6722F5CCE300FED4BE /* Release */ = {
			isa = XCBuildConfiguration;
			buildSettings = {
				ASSETCATALOG_COMPILER_APPICON_NAME = AppIcon;
				CODE_SIGN_ENTITLEMENTS = TetheringHelper/TetheringHelper.entitlements;
				CODE_SIGN_IDENTITY = "-";
				CODE_SIGN_STYLE = Automatic;
				COMBINE_HIDPI_IMAGES = YES;
				DEVELOPMENT_TEAM = R98YXK78YZ;
				INFOPLIST_FILE = TetheringHelper/Info.plist;
				LD_RUNPATH_SEARCH_PATHS = (
					"$(inherited)",
					"@executable_path/../Frameworks",
				);
				PRODUCT_BUNDLE_IDENTIFIER = johannes.bittner.gmail.com.TetheringHelper;
				PRODUCT_NAME = "$(TARGET_NAME)";
				SWIFT_VERSION = 5.0;
			};
			name = Release;
		};
/* End XCBuildConfiguration section */

/* Begin XCConfigurationList section */
		8F5D7E5022F5CCE100FED4BE /* Build configuration list for PBXProject "TetheringHelper" */ = {
			isa = XCConfigurationList;
			buildConfigurations = (
				8F5D7E6322F5CCE300FED4BE /* Debug */,
				8F5D7E6422F5CCE300FED4BE /* Release */,
			);
			defaultConfigurationIsVisible = 0;
			defaultConfigurationName = Release;
		};
		8F5D7E6522F5CCE300FED4BE /* Build configuration list for PBXNativeTarget "TetheringHelper" */ = {
			isa = XCConfigurationList;
			buildConfigurations = (
				8F5D7E6622F5CCE300FED4BE /* Debug */,
				8F5D7E6722F5CCE300FED4BE /* Release */,
			);
			defaultConfigurationIsVisible = 0;
			defaultConfigurationName = Release;
		};
/* End XCConfigurationList section */

/* Begin XCRemoteSwiftPackageReference section */
		8F15A993244F46820094CCC4 /* XCRemoteSwiftPackageReference "BlueSocket" */ = {
			isa = XCRemoteSwiftPackageReference;
			repositoryURL = "https://github.com/IBM-Swift/BlueSocket";
			requirement = {
				kind = upToNextMajorVersion;
				minimumVersion = 1.0.52;
			};
		};
/* End XCRemoteSwiftPackageReference section */

/* Begin XCSwiftPackageProductDependency section */
		8F15A994244F46820094CCC4 /* Socket */ = {
			isa = XCSwiftPackageProductDependency;
			package = 8F15A993244F46820094CCC4 /* XCRemoteSwiftPackageReference "BlueSocket" */;
			productName = Socket;
		};
/* End XCSwiftPackageProductDependency section */

/* Begin XCVersionGroup section */
		8F6C36EF23995B84009C7865 /* DataModel.xcdatamodeld */ = {
			isa = XCVersionGroup;
			children = (
				8F6C36F023995B84009C7865 /* TetheringHelper.xcdatamodel */,
			);
			currentVersion = 8F6C36F023995B84009C7865 /* TetheringHelper.xcdatamodel */;
			path = DataModel.xcdatamodeld;
			sourceTree = "<group>";
			versionGroupType = wrapper.xcdatamodel;
		};
/* End XCVersionGroup section */
	};
	rootObject = 8F5D7E4D22F5CCE100FED4BE /* Project object */;
}
