// !$*UTF8*$!
{
	archiveVersion = 1;
	classes = {
	};
	objectVersion = 55;
	objects = {

/* Begin PBXBuildFile section */
		8F1F5C08270207E800FD1B4F /* Assets.xcassets in Resources */ = {isa = PBXBuildFile; fileRef = 8F1F5C07270207E800FD1B4F /* Assets.xcassets */; };
		8F1F5C0B270207E800FD1B4F /* MainMenu.xib in Resources */ = {isa = PBXBuildFile; fileRef = 8F1F5C09270207E800FD1B4F /* MainMenu.xib */; };
		8F1F5C1B2702083700FD1B4F /* StatusItem.swift in Sources */ = {isa = PBXBuildFile; fileRef = 8F1F5C192702083700FD1B4F /* StatusItem.swift */; };
		8F1F5C1C2702083700FD1B4F /* StatusItemMenu.swift in Sources */ = {isa = PBXBuildFile; fileRef = 8F1F5C1A2702083700FD1B4F /* StatusItemMenu.swift */; };
		8F1F5C1F2702085500FD1B4F /* StatusItemMenuDelegate.swift in Sources */ = {isa = PBXBuildFile; fileRef = 8F1F5C1D2702085500FD1B4F /* StatusItemMenuDelegate.swift */; };
		8F1F5C202702085500FD1B4F /* StatusItemDelegate.swift in Sources */ = {isa = PBXBuildFile; fileRef = 8F1F5C1E2702085500FD1B4F /* StatusItemDelegate.swift */; };
		8F1F5C252702085D00FD1B4F /* PairingStatus.swift in Sources */ = {isa = PBXBuildFile; fileRef = 8F1F5C212702085C00FD1B4F /* PairingStatus.swift */; };
		8F1F5C262702085D00FD1B4F /* SignalType.swift in Sources */ = {isa = PBXBuildFile; fileRef = 8F1F5C222702085C00FD1B4F /* SignalType.swift */; };
		8F1F5C272702085D00FD1B4F /* SignalQuality.swift in Sources */ = {isa = PBXBuildFile; fileRef = 8F1F5C232702085C00FD1B4F /* SignalQuality.swift */; };
		8F1F5C282702085D00FD1B4F /* PhoneSignal.swift in Sources */ = {isa = PBXBuildFile; fileRef = 8F1F5C242702085C00FD1B4F /* PhoneSignal.swift */; };
		8F1F5C2C2702087E00FD1B4F /* GeneralPreferencesViewController.swift in Sources */ = {isa = PBXBuildFile; fileRef = 8F1F5C2B2702087E00FD1B4F /* GeneralPreferencesViewController.swift */; };
		8F1F5C2F2702088500FD1B4F /* DataUsageViewController.swift in Sources */ = {isa = PBXBuildFile; fileRef = 8F1F5C2D2702088400FD1B4F /* DataUsageViewController.swift */; };
		8F1F5C302702088500FD1B4F /* DataUsageVisualization.swift in Sources */ = {isa = PBXBuildFile; fileRef = 8F1F5C2E2702088500FD1B4F /* DataUsageVisualization.swift */; };
		8F1F5C332702088F00FD1B4F /* Date+clamp.swift in Sources */ = {isa = PBXBuildFile; fileRef = 8F1F5C312702088F00FD1B4F /* Date+clamp.swift */; };
		8F1F5C342702088F00FD1B4F /* Date+Components.swift in Sources */ = {isa = PBXBuildFile; fileRef = 8F1F5C322702088F00FD1B4F /* Date+Components.swift */; };
		8F1F5C3E2702089A00FD1B4F /* Autostart.swift in Sources */ = {isa = PBXBuildFile; fileRef = 8F1F5C352702089A00FD1B4F /* Autostart.swift */; };
		8F1F5C3F2702089A00FD1B4F /* PreferencesStorage.swift in Sources */ = {isa = PBXBuildFile; fileRef = 8F1F5C362702089A00FD1B4F /* PreferencesStorage.swift */; };
		8F1F5C402702089A00FD1B4F /* Utils.swift in Sources */ = {isa = PBXBuildFile; fileRef = 8F1F5C372702089A00FD1B4F /* Utils.swift */; };
		8F1F5C412702089A00FD1B4F /* AppDelegate.swift in Sources */ = {isa = PBXBuildFile; fileRef = 8F1F5C382702089A00FD1B4F /* AppDelegate.swift */; };
		8F1F5C422702089A00FD1B4F /* SessionStorage.swift in Sources */ = {isa = PBXBuildFile; fileRef = 8F1F5C392702089A00FD1B4F /* SessionStorage.swift */; };
		8F1F5C432702089A00FD1B4F /* SessionTracker.swift in Sources */ = {isa = PBXBuildFile; fileRef = 8F1F5C3A2702089A00FD1B4F /* SessionTracker.swift */; };
		8F1F5C442702089A00FD1B4F /* AndroidConnector.swift in Sources */ = {isa = PBXBuildFile; fileRef = 8F1F5C3B2702089A00FD1B4F /* AndroidConnector.swift */; };
		8F1F5C49270208E100FD1B4F /* DataUsageWindow.storyboard in Resources */ = {isa = PBXBuildFile; fileRef = 8F1F5C47270208E100FD1B4F /* DataUsageWindow.storyboard */; };
		8F1F5C4A270208E100FD1B4F /* PreferencesWindow.storyboard in Resources */ = {isa = PBXBuildFile; fileRef = 8F1F5C48270208E100FD1B4F /* PreferencesWindow.storyboard */; };
		8F1F5C4C2702091200FD1B4F /* FrontCenterWindowController.swift in Sources */ = {isa = PBXBuildFile; fileRef = 8F1F5C4B2702091200FD1B4F /* FrontCenterWindowController.swift */; };
		8F1F5C4F270209A300FD1B4F /* DataModel.xcdatamodeld in Sources */ = {isa = PBXBuildFile; fileRef = 8F1F5C4D270209A300FD1B4F /* DataModel.xcdatamodeld */; };
		8F1F5C51270209AE00FD1B4F /* Localizable.stringsdict in Resources */ = {isa = PBXBuildFile; fileRef = 8F1F5C50270209AE00FD1B4F /* Localizable.stringsdict */; };
		8F1F5C5727020AFE00FD1B4F /* TestSessionStorage.swift in Sources */ = {isa = PBXBuildFile; fileRef = 8F1F5C5627020AFE00FD1B4F /* TestSessionStorage.swift */; };
		8F1F5C5F27020D1E00FD1B4F /* AppDelegate.swift in Sources */ = {isa = PBXBuildFile; fileRef = 8F1F5C5E27020D1E00FD1B4F /* AppDelegate.swift */; };
		8F1F5C6127020D2000FD1B4F /* Assets.xcassets in Resources */ = {isa = PBXBuildFile; fileRef = 8F1F5C6027020D2000FD1B4F /* Assets.xcassets */; };
		8F1F5C6427020D2000FD1B4F /* MainMenu.xib in Resources */ = {isa = PBXBuildFile; fileRef = 8F1F5C6227020D2000FD1B4F /* MainMenu.xib */; };
		8F6DD81D270DBC6800A434DB /* FirsttimeUserViewController.swift in Sources */ = {isa = PBXBuildFile; fileRef = 8F6DD81C270DBC6800A434DB /* FirsttimeUserViewController.swift */; };
		8FA5CF142703286C00E40092 /* TetheringHelperAutostart.app in CopyFiles */ = {isa = PBXBuildFile; fileRef = 8F1F5C5C27020D1E00FD1B4F /* TetheringHelperAutostart.app */; settings = {ATTRIBUTES = (RemoveHeadersOnCopy, ); }; };
		8FA835FA270F3AFC002827D8 /* GooglePlayBadgeImageView.swift in Sources */ = {isa = PBXBuildFile; fileRef = 8FA835F9270F3AFC002827D8 /* GooglePlayBadgeImageView.swift */; };
		8FDB7253270F1EDA00BD2785 /* FirsttimeUserWindow.storyboard in Resources */ = {isa = PBXBuildFile; fileRef = 8FDB7252270F1EDA00BD2785 /* FirsttimeUserWindow.storyboard */; };
/* End PBXBuildFile section */

/* Begin PBXCopyFilesBuildPhase section */
		8FA5CF13270327C400E40092 /* CopyFiles */ = {
			isa = PBXCopyFilesBuildPhase;
			buildActionMask = 2147483647;
			dstPath = Contents/Library/LoginItems;
			dstSubfolderSpec = 1;
			files = (
				8FA5CF142703286C00E40092 /* TetheringHelperAutostart.app in CopyFiles */,
			);
			runOnlyForDeploymentPostprocessing = 0;
		};
/* End PBXCopyFilesBuildPhase section */

/* Begin PBXFileReference section */
		8F1F5C02270207E600FD1B4F /* TetheringHelper.app */ = {isa = PBXFileReference; explicitFileType = wrapper.application; includeInIndex = 0; path = TetheringHelper.app; sourceTree = BUILT_PRODUCTS_DIR; };
		8F1F5C07270207E800FD1B4F /* Assets.xcassets */ = {isa = PBXFileReference; lastKnownFileType = folder.assetcatalog; path = Assets.xcassets; sourceTree = "<group>"; };
		8F1F5C0A270207E800FD1B4F /* Base */ = {isa = PBXFileReference; lastKnownFileType = file.xib; name = Base; path = Base.lproj/MainMenu.xib; sourceTree = "<group>"; };
		8F1F5C0C270207E800FD1B4F /* TetheringHelper.entitlements */ = {isa = PBXFileReference; lastKnownFileType = text.plist.entitlements; path = TetheringHelper.entitlements; sourceTree = "<group>"; };
		8F1F5C192702083700FD1B4F /* StatusItem.swift */ = {isa = PBXFileReference; fileEncoding = 4; lastKnownFileType = sourcecode.swift; path = StatusItem.swift; sourceTree = "<group>"; };
		8F1F5C1A2702083700FD1B4F /* StatusItemMenu.swift */ = {isa = PBXFileReference; fileEncoding = 4; lastKnownFileType = sourcecode.swift; path = StatusItemMenu.swift; sourceTree = "<group>"; };
		8F1F5C1D2702085500FD1B4F /* StatusItemMenuDelegate.swift */ = {isa = PBXFileReference; fileEncoding = 4; lastKnownFileType = sourcecode.swift; path = StatusItemMenuDelegate.swift; sourceTree = "<group>"; };
		8F1F5C1E2702085500FD1B4F /* StatusItemDelegate.swift */ = {isa = PBXFileReference; fileEncoding = 4; lastKnownFileType = sourcecode.swift; path = StatusItemDelegate.swift; sourceTree = "<group>"; };
		8F1F5C212702085C00FD1B4F /* PairingStatus.swift */ = {isa = PBXFileReference; fileEncoding = 4; lastKnownFileType = sourcecode.swift; path = PairingStatus.swift; sourceTree = "<group>"; };
		8F1F5C222702085C00FD1B4F /* SignalType.swift */ = {isa = PBXFileReference; fileEncoding = 4; lastKnownFileType = sourcecode.swift; path = SignalType.swift; sourceTree = "<group>"; };
		8F1F5C232702085C00FD1B4F /* SignalQuality.swift */ = {isa = PBXFileReference; fileEncoding = 4; lastKnownFileType = sourcecode.swift; path = SignalQuality.swift; sourceTree = "<group>"; };
		8F1F5C242702085C00FD1B4F /* PhoneSignal.swift */ = {isa = PBXFileReference; fileEncoding = 4; lastKnownFileType = sourcecode.swift; path = PhoneSignal.swift; sourceTree = "<group>"; };
		8F1F5C2B2702087E00FD1B4F /* GeneralPreferencesViewController.swift */ = {isa = PBXFileReference; fileEncoding = 4; lastKnownFileType = sourcecode.swift; path = GeneralPreferencesViewController.swift; sourceTree = "<group>"; };
		8F1F5C2D2702088400FD1B4F /* DataUsageViewController.swift */ = {isa = PBXFileReference; fileEncoding = 4; lastKnownFileType = sourcecode.swift; path = DataUsageViewController.swift; sourceTree = "<group>"; };
		8F1F5C2E2702088500FD1B4F /* DataUsageVisualization.swift */ = {isa = PBXFileReference; fileEncoding = 4; lastKnownFileType = sourcecode.swift; path = DataUsageVisualization.swift; sourceTree = "<group>"; };
		8F1F5C312702088F00FD1B4F /* Date+clamp.swift */ = {isa = PBXFileReference; fileEncoding = 4; lastKnownFileType = sourcecode.swift; path = "Date+clamp.swift"; sourceTree = "<group>"; };
		8F1F5C322702088F00FD1B4F /* Date+Components.swift */ = {isa = PBXFileReference; fileEncoding = 4; lastKnownFileType = sourcecode.swift; path = "Date+Components.swift"; sourceTree = "<group>"; };
		8F1F5C352702089A00FD1B4F /* Autostart.swift */ = {isa = PBXFileReference; fileEncoding = 4; lastKnownFileType = sourcecode.swift; path = Autostart.swift; sourceTree = "<group>"; };
		8F1F5C362702089A00FD1B4F /* PreferencesStorage.swift */ = {isa = PBXFileReference; fileEncoding = 4; lastKnownFileType = sourcecode.swift; path = PreferencesStorage.swift; sourceTree = "<group>"; };
		8F1F5C372702089A00FD1B4F /* Utils.swift */ = {isa = PBXFileReference; fileEncoding = 4; lastKnownFileType = sourcecode.swift; path = Utils.swift; sourceTree = "<group>"; };
		8F1F5C382702089A00FD1B4F /* AppDelegate.swift */ = {isa = PBXFileReference; fileEncoding = 4; lastKnownFileType = sourcecode.swift; path = AppDelegate.swift; sourceTree = "<group>"; };
		8F1F5C392702089A00FD1B4F /* SessionStorage.swift */ = {isa = PBXFileReference; fileEncoding = 4; lastKnownFileType = sourcecode.swift; path = SessionStorage.swift; sourceTree = "<group>"; };
		8F1F5C3A2702089A00FD1B4F /* SessionTracker.swift */ = {isa = PBXFileReference; fileEncoding = 4; lastKnownFileType = sourcecode.swift; path = SessionTracker.swift; sourceTree = "<group>"; };
		8F1F5C3B2702089A00FD1B4F /* AndroidConnector.swift */ = {isa = PBXFileReference; fileEncoding = 4; lastKnownFileType = sourcecode.swift; path = AndroidConnector.swift; sourceTree = "<group>"; };
		8F1F5C47270208E100FD1B4F /* DataUsageWindow.storyboard */ = {isa = PBXFileReference; fileEncoding = 4; lastKnownFileType = file.storyboard; path = DataUsageWindow.storyboard; sourceTree = "<group>"; };
		8F1F5C48270208E100FD1B4F /* PreferencesWindow.storyboard */ = {isa = PBXFileReference; fileEncoding = 4; lastKnownFileType = file.storyboard; path = PreferencesWindow.storyboard; sourceTree = "<group>"; };
		8F1F5C4B2702091200FD1B4F /* FrontCenterWindowController.swift */ = {isa = PBXFileReference; fileEncoding = 4; lastKnownFileType = sourcecode.swift; path = FrontCenterWindowController.swift; sourceTree = "<group>"; };
		8F1F5C4E270209A300FD1B4F /* TetheringHelper.xcdatamodel */ = {isa = PBXFileReference; lastKnownFileType = wrapper.xcdatamodel; path = TetheringHelper.xcdatamodel; sourceTree = "<group>"; };
		8F1F5C50270209AE00FD1B4F /* Localizable.stringsdict */ = {isa = PBXFileReference; fileEncoding = 4; lastKnownFileType = text.plist.stringsdict; path = Localizable.stringsdict; sourceTree = "<group>"; };
		8F1F5C5627020AFE00FD1B4F /* TestSessionStorage.swift */ = {isa = PBXFileReference; fileEncoding = 4; lastKnownFileType = sourcecode.swift; path = TestSessionStorage.swift; sourceTree = "<group>"; };
		8F1F5C5C27020D1E00FD1B4F /* TetheringHelperAutostart.app */ = {isa = PBXFileReference; explicitFileType = wrapper.application; includeInIndex = 0; path = TetheringHelperAutostart.app; sourceTree = BUILT_PRODUCTS_DIR; };
		8F1F5C5E27020D1E00FD1B4F /* AppDelegate.swift */ = {isa = PBXFileReference; lastKnownFileType = sourcecode.swift; path = AppDelegate.swift; sourceTree = "<group>"; };
		8F1F5C6027020D2000FD1B4F /* Assets.xcassets */ = {isa = PBXFileReference; lastKnownFileType = folder.assetcatalog; path = Assets.xcassets; sourceTree = "<group>"; };
		8F1F5C6327020D2000FD1B4F /* Base */ = {isa = PBXFileReference; lastKnownFileType = file.xib; name = Base; path = Base.lproj/MainMenu.xib; sourceTree = "<group>"; };
		8F1F5C6527020D2000FD1B4F /* TetheringHelperAutostart.entitlements */ = {isa = PBXFileReference; lastKnownFileType = text.plist.entitlements; path = TetheringHelperAutostart.entitlements; sourceTree = "<group>"; };
		8F6DD81C270DBC6800A434DB /* FirsttimeUserViewController.swift */ = {isa = PBXFileReference; lastKnownFileType = sourcecode.swift; path = FirsttimeUserViewController.swift; sourceTree = "<group>"; };
		8FA835F9270F3AFC002827D8 /* GooglePlayBadgeImageView.swift */ = {isa = PBXFileReference; lastKnownFileType = sourcecode.swift; path = GooglePlayBadgeImageView.swift; sourceTree = "<group>"; };
		8FDB7252270F1EDA00BD2785 /* FirsttimeUserWindow.storyboard */ = {isa = PBXFileReference; lastKnownFileType = file.storyboard; path = FirsttimeUserWindow.storyboard; sourceTree = "<group>"; };
/* End PBXFileReference section */

/* Begin PBXFrameworksBuildPhase section */
		8F1F5BFF270207E600FD1B4F /* Frameworks */ = {
			isa = PBXFrameworksBuildPhase;
			buildActionMask = 2147483647;
			files = (
			);
			runOnlyForDeploymentPostprocessing = 0;
		};
		8F1F5C5927020D1E00FD1B4F /* Frameworks */ = {
			isa = PBXFrameworksBuildPhase;
			buildActionMask = 2147483647;
			files = (
			);
			runOnlyForDeploymentPostprocessing = 0;
		};
/* End PBXFrameworksBuildPhase section */

/* Begin PBXGroup section */
		8F1F5BF9270207E600FD1B4F = {
			isa = PBXGroup;
			children = (
				8F1F5C5427020A9200FD1B4F /* TetheringHelperTests */,
				8F1F5C04270207E600FD1B4F /* TetheringHelper */,
				8F1F5C5D27020D1E00FD1B4F /* TetheringHelperAutostart */,
				8F1F5C03270207E600FD1B4F /* Products */,
			);
			sourceTree = "<group>";
		};
		8F1F5C03270207E600FD1B4F /* Products */ = {
			isa = PBXGroup;
			children = (
				8F1F5C02270207E600FD1B4F /* TetheringHelper.app */,
				8F1F5C5C27020D1E00FD1B4F /* TetheringHelperAutostart.app */,
			);
			name = Products;
			sourceTree = "<group>";
		};
		8F1F5C04270207E600FD1B4F /* TetheringHelper */ = {
			isa = PBXGroup;
			children = (
				8F1F5C13270207F400FD1B4F /* Swift */,
				8F1F5C12270207ED00FD1B4F /* UI */,
				8F1F5C0C270207E800FD1B4F /* TetheringHelper.entitlements */,
				8F1F5C4D270209A300FD1B4F /* DataModel.xcdatamodeld */,
				8F1F5C50270209AE00FD1B4F /* Localizable.stringsdict */,
			);
			path = TetheringHelper;
			sourceTree = "<group>";
		};
		8F1F5C12270207ED00FD1B4F /* UI */ = {
			isa = PBXGroup;
			children = (
				8F1F5C07270207E800FD1B4F /* Assets.xcassets */,
				8F1F5C09270207E800FD1B4F /* MainMenu.xib */,
				8F1F5C47270208E100FD1B4F /* DataUsageWindow.storyboard */,
				8F1F5C48270208E100FD1B4F /* PreferencesWindow.storyboard */,
				8FDB7252270F1EDA00BD2785 /* FirsttimeUserWindow.storyboard */,
			);
			path = UI;
			sourceTree = "<group>";
		};
		8F1F5C13270207F400FD1B4F /* Swift */ = {
			isa = PBXGroup;
			children = (
				8F1F5C182702082200FD1B4F /* statusitem */,
				8F1F5C172702081900FD1B4F /* delegates */,
				8F1F5C162702080E00FD1B4F /* model */,
				8F1F5C152702080600FD1B4F /* windows */,
				8F1F5C14270207FA00FD1B4F /* extensions */,
				8F1F5C382702089A00FD1B4F /* AppDelegate.swift */,
				8F1F5C3B2702089A00FD1B4F /* AndroidConnector.swift */,
				8F1F5C352702089A00FD1B4F /* Autostart.swift */,
				8F1F5C362702089A00FD1B4F /* PreferencesStorage.swift */,
				8F1F5C392702089A00FD1B4F /* SessionStorage.swift */,
				8F1F5C3A2702089A00FD1B4F /* SessionTracker.swift */,
				8F1F5C372702089A00FD1B4F /* Utils.swift */,
			);
			path = Swift;
			sourceTree = "<group>";
		};
		8F1F5C14270207FA00FD1B4F /* extensions */ = {
			isa = PBXGroup;
			children = (
				8F1F5C312702088F00FD1B4F /* Date+clamp.swift */,
				8F1F5C322702088F00FD1B4F /* Date+Components.swift */,
			);
			path = extensions;
			sourceTree = "<group>";
		};
		8F1F5C152702080600FD1B4F /* windows */ = {
			isa = PBXGroup;
			children = (
				8F6DD81B270DBC5100A434DB /* FirsttimeUserWindow */,
				8F1F5C292702086400FD1B4F /* DataUsageWindow */,
				8F1F5C2A2702087000FD1B4F /* PreferencesWindow */,
				8F1F5C4B2702091200FD1B4F /* FrontCenterWindowController.swift */,
			);
			path = windows;
			sourceTree = "<group>";
		};
		8F1F5C162702080E00FD1B4F /* model */ = {
			isa = PBXGroup;
			children = (
				8F1F5C212702085C00FD1B4F /* PairingStatus.swift */,
				8F1F5C242702085C00FD1B4F /* PhoneSignal.swift */,
				8F1F5C232702085C00FD1B4F /* SignalQuality.swift */,
				8F1F5C222702085C00FD1B4F /* SignalType.swift */,
			);
			path = model;
			sourceTree = "<group>";
		};
		8F1F5C172702081900FD1B4F /* delegates */ = {
			isa = PBXGroup;
			children = (
				8F1F5C1E2702085500FD1B4F /* StatusItemDelegate.swift */,
				8F1F5C1D2702085500FD1B4F /* StatusItemMenuDelegate.swift */,
			);
			path = delegates;
			sourceTree = "<group>";
		};
		8F1F5C182702082200FD1B4F /* statusitem */ = {
			isa = PBXGroup;
			children = (
				8F1F5C192702083700FD1B4F /* StatusItem.swift */,
				8F1F5C1A2702083700FD1B4F /* StatusItemMenu.swift */,
			);
			path = statusitem;
			sourceTree = "<group>";
		};
		8F1F5C292702086400FD1B4F /* DataUsageWindow */ = {
			isa = PBXGroup;
			children = (
				8F1F5C2D2702088400FD1B4F /* DataUsageViewController.swift */,
				8F1F5C2E2702088500FD1B4F /* DataUsageVisualization.swift */,
			);
			path = DataUsageWindow;
			sourceTree = "<group>";
		};
		8F1F5C2A2702087000FD1B4F /* PreferencesWindow */ = {
			isa = PBXGroup;
			children = (
				8F1F5C2B2702087E00FD1B4F /* GeneralPreferencesViewController.swift */,
			);
			path = PreferencesWindow;
			sourceTree = "<group>";
		};
		8F1F5C5427020A9200FD1B4F /* TetheringHelperTests */ = {
			isa = PBXGroup;
			children = (
				8F1F5C5627020AFE00FD1B4F /* TestSessionStorage.swift */,
			);
			path = TetheringHelperTests;
			sourceTree = "<group>";
		};
		8F1F5C5D27020D1E00FD1B4F /* TetheringHelperAutostart */ = {
			isa = PBXGroup;
			children = (
				8F1F5C5E27020D1E00FD1B4F /* AppDelegate.swift */,
				8F1F5C6027020D2000FD1B4F /* Assets.xcassets */,
				8F1F5C6227020D2000FD1B4F /* MainMenu.xib */,
				8F1F5C6527020D2000FD1B4F /* TetheringHelperAutostart.entitlements */,
			);
			path = TetheringHelperAutostart;
			sourceTree = "<group>";
		};
		8F6DD81B270DBC5100A434DB /* FirsttimeUserWindow */ = {
			isa = PBXGroup;
			children = (
				8F6DD81C270DBC6800A434DB /* FirsttimeUserViewController.swift */,
				8FA835F9270F3AFC002827D8 /* GooglePlayBadgeImageView.swift */,
			);
			path = FirsttimeUserWindow;
			sourceTree = "<group>";
		};
/* End PBXGroup section */

/* Begin PBXNativeTarget section */
		8F1F5C01270207E600FD1B4F /* TetheringHelper */ = {
			isa = PBXNativeTarget;
			buildConfigurationList = 8F1F5C0F270207E800FD1B4F /* Build configuration list for PBXNativeTarget "TetheringHelper" */;
			buildPhases = (
				8F1F5BFE270207E600FD1B4F /* Sources */,
				8F1F5BFF270207E600FD1B4F /* Frameworks */,
				8F1F5C00270207E600FD1B4F /* Resources */,
				8FA5CF13270327C400E40092 /* CopyFiles */,
			);
			buildRules = (
			);
			dependencies = (
			);
			name = TetheringHelper;
			productName = TetheringHelper;
			productReference = 8F1F5C02270207E600FD1B4F /* TetheringHelper.app */;
			productType = "com.apple.product-type.application";
		};
		8F1F5C5B27020D1E00FD1B4F /* TetheringHelperAutostart */ = {
			isa = PBXNativeTarget;
			buildConfigurationList = 8F1F5C6627020D2000FD1B4F /* Build configuration list for PBXNativeTarget "TetheringHelperAutostart" */;
			buildPhases = (
				8F1F5C5827020D1E00FD1B4F /* Sources */,
				8F1F5C5927020D1E00FD1B4F /* Frameworks */,
				8F1F5C5A27020D1E00FD1B4F /* Resources */,
			);
			buildRules = (
			);
			dependencies = (
			);
			name = TetheringHelperAutostart;
			productName = TetheringHelperAutostart;
			productReference = 8F1F5C5C27020D1E00FD1B4F /* TetheringHelperAutostart.app */;
			productType = "com.apple.product-type.application";
		};
/* End PBXNativeTarget section */

/* Begin PBXProject section */
		8F1F5BFA270207E600FD1B4F /* Project object */ = {
			isa = PBXProject;
			attributes = {
				BuildIndependentTargetsInParallel = 1;
				LastSwiftUpdateCheck = 1300;
				LastUpgradeCheck = 1300;
				TargetAttributes = {
					8F1F5C01270207E600FD1B4F = {
						CreatedOnToolsVersion = 13.0;
					};
					8F1F5C5B27020D1E00FD1B4F = {
						CreatedOnToolsVersion = 13.0;
					};
				};
			};
			buildConfigurationList = 8F1F5BFD270207E600FD1B4F /* Build configuration list for PBXProject "TetheringHelper" */;
			compatibilityVersion = "Xcode 13.0";
			developmentRegion = en;
			hasScannedForEncodings = 0;
			knownRegions = (
				en,
				Base,
			);
			mainGroup = 8F1F5BF9270207E600FD1B4F;
			productRefGroup = 8F1F5C03270207E600FD1B4F /* Products */;
			projectDirPath = "";
			projectRoot = "";
			targets = (
				8F1F5C01270207E600FD1B4F /* TetheringHelper */,
				8F1F5C5B27020D1E00FD1B4F /* TetheringHelperAutostart */,
			);
		};
/* End PBXProject section */

/* Begin PBXResourcesBuildPhase section */
		8F1F5C00270207E600FD1B4F /* Resources */ = {
			isa = PBXResourcesBuildPhase;
			buildActionMask = 2147483647;
			files = (
				8F1F5C08270207E800FD1B4F /* Assets.xcassets in Resources */,
				8F1F5C4A270208E100FD1B4F /* PreferencesWindow.storyboard in Resources */,
				8F1F5C0B270207E800FD1B4F /* MainMenu.xib in Resources */,
				8F1F5C51270209AE00FD1B4F /* Localizable.stringsdict in Resources */,
				8F1F5C49270208E100FD1B4F /* DataUsageWindow.storyboard in Resources */,
				8FDB7253270F1EDA00BD2785 /* FirsttimeUserWindow.storyboard in Resources */,
			);
			runOnlyForDeploymentPostprocessing = 0;
		};
		8F1F5C5A27020D1E00FD1B4F /* Resources */ = {
			isa = PBXResourcesBuildPhase;
			buildActionMask = 2147483647;
			files = (
				8F1F5C6127020D2000FD1B4F /* Assets.xcassets in Resources */,
				8F1F5C6427020D2000FD1B4F /* MainMenu.xib in Resources */,
			);
			runOnlyForDeploymentPostprocessing = 0;
		};
/* End PBXResourcesBuildPhase section */

/* Begin PBXSourcesBuildPhase section */
		8F1F5BFE270207E600FD1B4F /* Sources */ = {
			isa = PBXSourcesBuildPhase;
			buildActionMask = 2147483647;
			files = (
				8F1F5C272702085D00FD1B4F /* SignalQuality.swift in Sources */,
				8F1F5C332702088F00FD1B4F /* Date+clamp.swift in Sources */,
				8F1F5C2C2702087E00FD1B4F /* GeneralPreferencesViewController.swift in Sources */,
				8F6DD81D270DBC6800A434DB /* FirsttimeUserViewController.swift in Sources */,
				8F1F5C5727020AFE00FD1B4F /* TestSessionStorage.swift in Sources */,
				8F1F5C2F2702088500FD1B4F /* DataUsageViewController.swift in Sources */,
				8F1F5C422702089A00FD1B4F /* SessionStorage.swift in Sources */,
				8F1F5C442702089A00FD1B4F /* AndroidConnector.swift in Sources */,
				8F1F5C1B2702083700FD1B4F /* StatusItem.swift in Sources */,
				8F1F5C3F2702089A00FD1B4F /* PreferencesStorage.swift in Sources */,
				8F1F5C3E2702089A00FD1B4F /* Autostart.swift in Sources */,
				8F1F5C4F270209A300FD1B4F /* DataModel.xcdatamodeld in Sources */,
				8F1F5C402702089A00FD1B4F /* Utils.swift in Sources */,
				8F1F5C252702085D00FD1B4F /* PairingStatus.swift in Sources */,
				8F1F5C432702089A00FD1B4F /* SessionTracker.swift in Sources */,
				8F1F5C342702088F00FD1B4F /* Date+Components.swift in Sources */,
				8F1F5C202702085500FD1B4F /* StatusItemDelegate.swift in Sources */,
				8F1F5C282702085D00FD1B4F /* PhoneSignal.swift in Sources */,
				8FA835FA270F3AFC002827D8 /* GooglePlayBadgeImageView.swift in Sources */,
				8F1F5C1C2702083700FD1B4F /* StatusItemMenu.swift in Sources */,
				8F1F5C302702088500FD1B4F /* DataUsageVisualization.swift in Sources */,
				8F1F5C1F2702085500FD1B4F /* StatusItemMenuDelegate.swift in Sources */,
				8F1F5C4C2702091200FD1B4F /* FrontCenterWindowController.swift in Sources */,
				8F1F5C412702089A00FD1B4F /* AppDelegate.swift in Sources */,
				8F1F5C262702085D00FD1B4F /* SignalType.swift in Sources */,
			);
			runOnlyForDeploymentPostprocessing = 0;
		};
		8F1F5C5827020D1E00FD1B4F /* Sources */ = {
			isa = PBXSourcesBuildPhase;
			buildActionMask = 2147483647;
			files = (
				8F1F5C5F27020D1E00FD1B4F /* AppDelegate.swift in Sources */,
			);
			runOnlyForDeploymentPostprocessing = 0;
		};
/* End PBXSourcesBuildPhase section */

/* Begin PBXVariantGroup section */
		8F1F5C09270207E800FD1B4F /* MainMenu.xib */ = {
			isa = PBXVariantGroup;
			children = (
				8F1F5C0A270207E800FD1B4F /* Base */,
			);
			name = MainMenu.xib;
			sourceTree = "<group>";
		};
		8F1F5C6227020D2000FD1B4F /* MainMenu.xib */ = {
			isa = PBXVariantGroup;
			children = (
				8F1F5C6327020D2000FD1B4F /* Base */,
			);
			name = MainMenu.xib;
			sourceTree = "<group>";
		};
/* End PBXVariantGroup section */

/* Begin XCBuildConfiguration section */
		8F1F5C0D270207E800FD1B4F /* Debug */ = {
			isa = XCBuildConfiguration;
			buildSettings = {
				ALWAYS_SEARCH_USER_PATHS = NO;
				CLANG_ANALYZER_NONNULL = YES;
				CLANG_ANALYZER_NUMBER_OBJECT_CONVERSION = YES_AGGRESSIVE;
				CLANG_CXX_LANGUAGE_STANDARD = "gnu++17";
				CLANG_CXX_LIBRARY = "libc++";
				CLANG_ENABLE_MODULES = YES;
				CLANG_ENABLE_OBJC_ARC = YES;
				CLANG_ENABLE_OBJC_WEAK = YES;
				CLANG_WARN_BLOCK_CAPTURE_AUTORELEASING = YES;
				CLANG_WARN_BOOL_CONVERSION = YES;
				CLANG_WARN_COMMA = YES;
				CLANG_WARN_CONSTANT_CONVERSION = YES;
				CLANG_WARN_DEPRECATED_OBJC_IMPLEMENTATIONS = YES;
				CLANG_WARN_DIRECT_OBJC_ISA_USAGE = YES_ERROR;
				CLANG_WARN_DOCUMENTATION_COMMENTS = YES;
				CLANG_WARN_EMPTY_BODY = YES;
				CLANG_WARN_ENUM_CONVERSION = YES;
				CLANG_WARN_INFINITE_RECURSION = YES;
				CLANG_WARN_INT_CONVERSION = YES;
				CLANG_WARN_NON_LITERAL_NULL_CONVERSION = YES;
				CLANG_WARN_OBJC_IMPLICIT_RETAIN_SELF = YES;
				CLANG_WARN_OBJC_LITERAL_CONVERSION = YES;
				CLANG_WARN_OBJC_ROOT_CLASS = YES_ERROR;
				CLANG_WARN_QUOTED_INCLUDE_IN_FRAMEWORK_HEADER = YES;
				CLANG_WARN_RANGE_LOOP_ANALYSIS = YES;
				CLANG_WARN_STRICT_PROTOTYPES = YES;
				CLANG_WARN_SUSPICIOUS_MOVE = YES;
				CLANG_WARN_UNGUARDED_AVAILABILITY = YES_AGGRESSIVE;
				CLANG_WARN_UNREACHABLE_CODE = YES;
				CLANG_WARN__DUPLICATE_METHOD_MATCH = YES;
				COPY_PHASE_STRIP = NO;
				DEBUG_INFORMATION_FORMAT = dwarf;
				ENABLE_STRICT_OBJC_MSGSEND = YES;
				ENABLE_TESTABILITY = YES;
				GCC_C_LANGUAGE_STANDARD = gnu11;
				GCC_DYNAMIC_NO_PIC = NO;
				GCC_NO_COMMON_BLOCKS = YES;
				GCC_OPTIMIZATION_LEVEL = 0;
				GCC_PREPROCESSOR_DEFINITIONS = (
					"DEBUG=1",
					"$(inherited)",
				);
				GCC_WARN_64_TO_32_BIT_CONVERSION = YES;
				GCC_WARN_ABOUT_RETURN_TYPE = YES_ERROR;
				GCC_WARN_UNDECLARED_SELECTOR = YES;
				GCC_WARN_UNINITIALIZED_AUTOS = YES_AGGRESSIVE;
				GCC_WARN_UNUSED_FUNCTION = YES;
				GCC_WARN_UNUSED_VARIABLE = YES;
				MACOSX_DEPLOYMENT_TARGET = 10.15;
				MTL_ENABLE_DEBUG_INFO = INCLUDE_SOURCE;
				MTL_FAST_MATH = YES;
				ONLY_ACTIVE_ARCH = YES;
				SDKROOT = macosx;
				SWIFT_ACTIVE_COMPILATION_CONDITIONS = DEBUG;
				SWIFT_OPTIMIZATION_LEVEL = "-Onone";
			};
			name = Debug;
		};
		8F1F5C0E270207E800FD1B4F /* Release */ = {
			isa = XCBuildConfiguration;
			buildSettings = {
				ALWAYS_SEARCH_USER_PATHS = NO;
				CLANG_ANALYZER_NONNULL = YES;
				CLANG_ANALYZER_NUMBER_OBJECT_CONVERSION = YES_AGGRESSIVE;
				CLANG_CXX_LANGUAGE_STANDARD = "gnu++17";
				CLANG_CXX_LIBRARY = "libc++";
				CLANG_ENABLE_MODULES = YES;
				CLANG_ENABLE_OBJC_ARC = YES;
				CLANG_ENABLE_OBJC_WEAK = YES;
				CLANG_WARN_BLOCK_CAPTURE_AUTORELEASING = YES;
				CLANG_WARN_BOOL_CONVERSION = YES;
				CLANG_WARN_COMMA = YES;
				CLANG_WARN_CONSTANT_CONVERSION = YES;
				CLANG_WARN_DEPRECATED_OBJC_IMPLEMENTATIONS = YES;
				CLANG_WARN_DIRECT_OBJC_ISA_USAGE = YES_ERROR;
				CLANG_WARN_DOCUMENTATION_COMMENTS = YES;
				CLANG_WARN_EMPTY_BODY = YES;
				CLANG_WARN_ENUM_CONVERSION = YES;
				CLANG_WARN_INFINITE_RECURSION = YES;
				CLANG_WARN_INT_CONVERSION = YES;
				CLANG_WARN_NON_LITERAL_NULL_CONVERSION = YES;
				CLANG_WARN_OBJC_IMPLICIT_RETAIN_SELF = YES;
				CLANG_WARN_OBJC_LITERAL_CONVERSION = YES;
				CLANG_WARN_OBJC_ROOT_CLASS = YES_ERROR;
				CLANG_WARN_QUOTED_INCLUDE_IN_FRAMEWORK_HEADER = YES;
				CLANG_WARN_RANGE_LOOP_ANALYSIS = YES;
				CLANG_WARN_STRICT_PROTOTYPES = YES;
				CLANG_WARN_SUSPICIOUS_MOVE = YES;
				CLANG_WARN_UNGUARDED_AVAILABILITY = YES_AGGRESSIVE;
				CLANG_WARN_UNREACHABLE_CODE = YES;
				CLANG_WARN__DUPLICATE_METHOD_MATCH = YES;
				COPY_PHASE_STRIP = NO;
				DEBUG_INFORMATION_FORMAT = "dwarf-with-dsym";
				ENABLE_NS_ASSERTIONS = NO;
				ENABLE_STRICT_OBJC_MSGSEND = YES;
				GCC_C_LANGUAGE_STANDARD = gnu11;
				GCC_NO_COMMON_BLOCKS = YES;
				GCC_WARN_64_TO_32_BIT_CONVERSION = YES;
				GCC_WARN_ABOUT_RETURN_TYPE = YES_ERROR;
				GCC_WARN_UNDECLARED_SELECTOR = YES;
				GCC_WARN_UNINITIALIZED_AUTOS = YES_AGGRESSIVE;
				GCC_WARN_UNUSED_FUNCTION = YES;
				GCC_WARN_UNUSED_VARIABLE = YES;
				MACOSX_DEPLOYMENT_TARGET = 10.15;
				MTL_ENABLE_DEBUG_INFO = NO;
				MTL_FAST_MATH = YES;
				SDKROOT = macosx;
				SWIFT_COMPILATION_MODE = wholemodule;
				SWIFT_OPTIMIZATION_LEVEL = "-O";
			};
			name = Release;
		};
		8F1F5C10270207E800FD1B4F /* Debug */ = {
			isa = XCBuildConfiguration;
			buildSettings = {
				ASSETCATALOG_COMPILER_APPICON_NAME = AppIcon;
				ASSETCATALOG_COMPILER_GLOBAL_ACCENT_COLOR_NAME = AccentColor;
				CODE_SIGN_ENTITLEMENTS = TetheringHelper/TetheringHelper.entitlements;
				CODE_SIGN_STYLE = Automatic;
				COMBINE_HIDPI_IMAGES = YES;
				CURRENT_PROJECT_VERSION = 1;
				DEVELOPMENT_TEAM = R98YXK78YZ;
				ENABLE_HARDENED_RUNTIME = YES;
				GENERATE_INFOPLIST_FILE = YES;
				INFOPLIST_KEY_NSHumanReadableCopyright = "";
				INFOPLIST_KEY_NSMainNibFile = MainMenu;
				INFOPLIST_KEY_NSPrincipalClass = NSApplication;
				LD_RUNPATH_SEARCH_PATHS = (
					"$(inherited)",
					"@executable_path/../Frameworks",
				);
				MACOSX_DEPLOYMENT_TARGET = 10.15;
				MARKETING_VERSION = 0.1;
				PRODUCT_BUNDLE_IDENTIFIER = com.gmail.bittner.johannes.TetheringHelper;
				PRODUCT_NAME = "$(TARGET_NAME)";
				SWIFT_EMIT_LOC_STRINGS = YES;
				SWIFT_VERSION = 5.0;
			};
			name = Debug;
		};
		8F1F5C11270207E800FD1B4F /* Release */ = {
			isa = XCBuildConfiguration;
			buildSettings = {
				ASSETCATALOG_COMPILER_APPICON_NAME = AppIcon;
				ASSETCATALOG_COMPILER_GLOBAL_ACCENT_COLOR_NAME = AccentColor;
				CODE_SIGN_ENTITLEMENTS = TetheringHelper/TetheringHelper.entitlements;
				CODE_SIGN_STYLE = Automatic;
				COMBINE_HIDPI_IMAGES = YES;
				CURRENT_PROJECT_VERSION = 1;
				DEVELOPMENT_TEAM = R98YXK78YZ;
				ENABLE_HARDENED_RUNTIME = YES;
				GENERATE_INFOPLIST_FILE = YES;
				INFOPLIST_KEY_NSHumanReadableCopyright = "";
				INFOPLIST_KEY_NSMainNibFile = MainMenu;
				INFOPLIST_KEY_NSPrincipalClass = NSApplication;
				LD_RUNPATH_SEARCH_PATHS = (
					"$(inherited)",
					"@executable_path/../Frameworks",
				);
				MACOSX_DEPLOYMENT_TARGET = 10.15;
				MARKETING_VERSION = 0.1;
				PRODUCT_BUNDLE_IDENTIFIER = com.gmail.bittner.johannes.TetheringHelper;
				PRODUCT_NAME = "$(TARGET_NAME)";
				SWIFT_EMIT_LOC_STRINGS = YES;
				SWIFT_VERSION = 5.0;
			};
			name = Release;
		};
		8F1F5C6727020D2000FD1B4F /* Debug */ = {
			isa = XCBuildConfiguration;
			buildSettings = {
				ASSETCATALOG_COMPILER_APPICON_NAME = AppIcon;
				ASSETCATALOG_COMPILER_GLOBAL_ACCENT_COLOR_NAME = AccentColor;
				CODE_SIGN_ENTITLEMENTS = TetheringHelperAutostart/TetheringHelperAutostart.entitlements;
				CODE_SIGN_STYLE = Automatic;
				COMBINE_HIDPI_IMAGES = YES;
				CURRENT_PROJECT_VERSION = 1;
				DEVELOPMENT_TEAM = R98YXK78YZ;
				ENABLE_HARDENED_RUNTIME = YES;
				GENERATE_INFOPLIST_FILE = YES;
				INFOPLIST_KEY_NSHumanReadableCopyright = "";
				INFOPLIST_KEY_NSMainNibFile = MainMenu;
				INFOPLIST_KEY_NSPrincipalClass = NSApplication;
				LD_RUNPATH_SEARCH_PATHS = (
					"$(inherited)",
					"@executable_path/../Frameworks",
				);
				MACOSX_DEPLOYMENT_TARGET = 10.15;
				MARKETING_VERSION = 1.0;
				PRODUCT_BUNDLE_IDENTIFIER = com.gmail.bittner.johannes.TetheringHelperAutostart;
				PRODUCT_NAME = "$(TARGET_NAME)";
				SWIFT_EMIT_LOC_STRINGS = YES;
				SWIFT_VERSION = 5.0;
			};
			name = Debug;
		};
		8F1F5C6827020D2000FD1B4F /* Release */ = {
			isa = XCBuildConfiguration;
			buildSettings = {
				ASSETCATALOG_COMPILER_APPICON_NAME = AppIcon;
				ASSETCATALOG_COMPILER_GLOBAL_ACCENT_COLOR_NAME = AccentColor;
				CODE_SIGN_ENTITLEMENTS = TetheringHelperAutostart/TetheringHelperAutostart.entitlements;
				CODE_SIGN_STYLE = Automatic;
				COMBINE_HIDPI_IMAGES = YES;
				CURRENT_PROJECT_VERSION = 1;
				DEVELOPMENT_TEAM = R98YXK78YZ;
				ENABLE_HARDENED_RUNTIME = YES;
				GENERATE_INFOPLIST_FILE = YES;
				INFOPLIST_KEY_NSHumanReadableCopyright = "";
				INFOPLIST_KEY_NSMainNibFile = MainMenu;
				INFOPLIST_KEY_NSPrincipalClass = NSApplication;
				LD_RUNPATH_SEARCH_PATHS = (
					"$(inherited)",
					"@executable_path/../Frameworks",
				);
				MACOSX_DEPLOYMENT_TARGET = 10.15;
				MARKETING_VERSION = 1.0;
				PRODUCT_BUNDLE_IDENTIFIER = com.gmail.bittner.johannes.TetheringHelperAutostart;
				PRODUCT_NAME = "$(TARGET_NAME)";
				SWIFT_EMIT_LOC_STRINGS = YES;
				SWIFT_VERSION = 5.0;
			};
			name = Release;
		};
/* End XCBuildConfiguration section */

/* Begin XCConfigurationList section */
		8F1F5BFD270207E600FD1B4F /* Build configuration list for PBXProject "TetheringHelper" */ = {
			isa = XCConfigurationList;
			buildConfigurations = (
				8F1F5C0D270207E800FD1B4F /* Debug */,
				8F1F5C0E270207E800FD1B4F /* Release */,
			);
			defaultConfigurationIsVisible = 0;
			defaultConfigurationName = Release;
		};
		8F1F5C0F270207E800FD1B4F /* Build configuration list for PBXNativeTarget "TetheringHelper" */ = {
			isa = XCConfigurationList;
			buildConfigurations = (
				8F1F5C10270207E800FD1B4F /* Debug */,
				8F1F5C11270207E800FD1B4F /* Release */,
			);
			defaultConfigurationIsVisible = 0;
			defaultConfigurationName = Release;
		};
		8F1F5C6627020D2000FD1B4F /* Build configuration list for PBXNativeTarget "TetheringHelperAutostart" */ = {
			isa = XCConfigurationList;
			buildConfigurations = (
				8F1F5C6727020D2000FD1B4F /* Debug */,
				8F1F5C6827020D2000FD1B4F /* Release */,
			);
			defaultConfigurationIsVisible = 0;
			defaultConfigurationName = Release;
		};
/* End XCConfigurationList section */

/* Begin XCVersionGroup section */
		8F1F5C4D270209A300FD1B4F /* DataModel.xcdatamodeld */ = {
			isa = XCVersionGroup;
			children = (
				8F1F5C4E270209A300FD1B4F /* TetheringHelper.xcdatamodel */,
			);
			currentVersion = 8F1F5C4E270209A300FD1B4F /* TetheringHelper.xcdatamodel */;
			path = DataModel.xcdatamodeld;
			sourceTree = "<group>";
			versionGroupType = wrapper.xcdatamodel;
		};
/* End XCVersionGroup section */
	};
	rootObject = 8F1F5BFA270207E600FD1B4F /* Project object */;
}
